
Microsoft Visual Studio Solution File, Format Version 12.00
# Visual Studio Version 17
VisualStudioVersion = 17.11.35312.102
MinimumVisualStudioVersion = 10.0.40219.1
Project("{FAE04EC0-301F-11D3-BF4B-00C04F79EFBC}") = "ArchitectureBatch19112025", "ArchitectureBatch19112025\ArchitectureBatch19112025.csproj", "{847340BF-3F47-4CB0-A9FB-AEF86297DB38}"
EndProject
Global
	GlobalSection(SolutionConfigurationPlatforms) = preSolution
		Debug|Any CPU = Debug|Any CPU
		Release|Any CPU = Release|Any CPU
	EndGlobalSection
	GlobalSection(ProjectConfigurationPlatforms) = postSolution
		{847340BF-3F47-4CB0-A9FB-AEF86297DB38}.Debug|Any CPU.ActiveCfg = Debug|Any CPU
		{847340BF-3F47-4CB0-A9FB-AEF86297DB38}.Debug|Any CPU.Build.0 = Debug|Any CPU
		{847340BF-3F47-4CB0-A9FB-AEF86297DB38}.Release|Any CPU.ActiveCfg = Release|Any CPU
		{847340BF-3F47-4CB0-A9FB-AEF86297DB38}.Release|Any CPU.Build.0 = Release|Any CPU
	EndGlobalSection
	GlobalSection(SolutionProperties) = preSolution
		HideSolutionNode = FALSE
	EndGlobalSection
	GlobalSection(ExtensibilityGlobals) = postSolution
		SolutionGuid = {BC4BC8E8-2E68-4DE1-83AF-097260641C5C}
	EndGlobalSection
EndGlobal
